version = 1
revision = 3
requires-python = ">=3.13"

[[package]]
name = "pueue-webui"
version = "0.1.0"
source = { virtual = "." }
dependencies = [
    { name = "watchdog" },
]

[package.metadata]
requires-dist = [{ name = "watchdog", specifier = "==4.0.1" }]

[[package]]
name = "watchdog"
version = "4.0.1"
source = { registry = "https://pypi.org/simple" }
sdist = { url = "https://files.pythonhosted.org/packages/1b/f9/b01e4632aed9a6ecc2b3e501feffd3af5aa0eb4e3b0283fc9525bf503c38/watchdog-4.0.1.tar.gz", hash = "sha256:eebaacf674fa25511e8867028d281e602ee6500045b57f43b08778082f7f8b44", size = 126583, upload-time = "2024-05-23T16:12:28.625Z" }
wheels = [
    { url = "https://files.pythonhosted.org/packages/3a/36/28ce38b960f2bf1e1be573d85e8127c9ac66b4de63a7bef3f61b3f77ce57/watchdog-4.0.1-py3-none-manylinux2014_aarch64.whl", hash = "sha256:dddba7ca1c807045323b6af4ff80f5ddc4d654c8bce8317dde1bd96b128ed253", size = 83011, upload-time = "2024-05-23T16:12:10.641Z" },
    { url = "https://files.pythonhosted.org/packages/05/7b/efc5b4134c97f08b161faa703327cde3fe647c5c48c156fde0c343471095/watchdog-4.0.1-py3-none-manylinux2014_armv7l.whl", hash = "sha256:4513ec234c68b14d4161440e07f995f231be21a09329051e67a2118a7a612d2d", size = 83009, upload-time = "2024-05-23T16:12:12.692Z" },
    { url = "https://files.pythonhosted.org/packages/c3/bb/1fac328ba90ea091ef04e7bdefe638a933076530d802c1b1cf1f03fe7e89/watchdog-4.0.1-py3-none-manylinux2014_i686.whl", hash = "sha256:4107ac5ab936a63952dea2a46a734a23230aa2f6f9db1291bf171dac3ebd53c6", size = 83011, upload-time = "2024-05-23T16:12:14.093Z" },
    { url = "https://files.pythonhosted.org/packages/ce/df/c8719022af772d9f75f1c49af453a48a785a45295bca1ce4f3f55b9923af/watchdog-4.0.1-py3-none-manylinux2014_ppc64.whl", hash = "sha256:6e8c70d2cd745daec2a08734d9f63092b793ad97612470a0ee4cbb8f5f705c57", size = 83012, upload-time = "2024-05-23T16:12:15.893Z" },
    { url = "https://files.pythonhosted.org/packages/b0/d5/7285d52e7a7ffce2ae0b21a98dbbed345bcb227672a4268eb26d046d8d41/watchdog-4.0.1-py3-none-manylinux2014_ppc64le.whl", hash = "sha256:f27279d060e2ab24c0aa98363ff906d2386aa6c4dc2f1a374655d4e02a6c5e5e", size = 83011, upload-time = "2024-05-23T16:12:17.545Z" },
    { url = "https://files.pythonhosted.org/packages/2a/09/4b07dc8dd1a9f67a7acfbc084f26fc35ee8a2e4feeb0a2c98fe9a1ef196c/watchdog-4.0.1-py3-none-manylinux2014_s390x.whl", hash = "sha256:f8affdf3c0f0466e69f5b3917cdd042f89c8c63aebdb9f7c078996f607cdb0f5", size = 83009, upload-time = "2024-05-23T16:12:19.496Z" },
    { url = "https://files.pythonhosted.org/packages/24/01/a4034a94a5f1828eb050230e7cf13af3ac23cf763512b6afe008d3def97c/watchdog-4.0.1-py3-none-manylinux2014_x86_64.whl", hash = "sha256:ac7041b385f04c047fcc2951dc001671dee1b7e0615cde772e84b01fbf68ee84", size = 83012, upload-time = "2024-05-23T16:12:21.754Z" },
    { url = "https://files.pythonhosted.org/packages/8f/5e/c0d7dad506adedd584188578901871fe923abf6c0c5dc9e79d9be5c7c24e/watchdog-4.0.1-py3-none-win32.whl", hash = "sha256:206afc3d964f9a233e6ad34618ec60b9837d0582b500b63687e34011e15bb429", size = 82996, upload-time = "2024-05-23T16:12:23.167Z" },
    { url = "https://files.pythonhosted.org/packages/85/e0/2a9f43008902427b5f074c497705d6ef8f815c85d4bc25fbf83f720a6159/watchdog-4.0.1-py3-none-win_amd64.whl", hash = "sha256:7577b3c43e5909623149f76b099ac49a1a01ca4e167d1785c76eb52fa585745a", size = 83002, upload-time = "2024-05-23T16:12:24.981Z" },
    { url = "https://files.pythonhosted.org/packages/db/54/23e5845ef68e1817b3792b2a11fb2088d7422814d41af8186d9058c4ff07/watchdog-4.0.1-py3-none-win_ia64.whl", hash = "sha256:d7b9f5f3299e8dd230880b6c55504a1f69cf1e4316275d1b215ebdd8187ec88d", size = 83002, upload-time = "2024-05-23T16:12:27.101Z" },
]
